
Microsoft Visual Studio Solution File, Format Version 12.00
# Visual Studio Version 16
VisualStudioVersion = 16.0.31025.194
MinimumVisualStudioVersion = 10.0.40219.1
Project("{2150E333-8FDC-42A3-9474-1A3956D46DE8}") = "Api", "Api", "{BC4A382A-99AB-455A-9609-80C32CC75802}"
EndProject
Project("{2150E333-8FDC-42A3-9474-1A3956D46DE8}") = "App", "App", "{A84AC59A-349B-47B5-A473-592D321D11A3}"
EndProject
Project("{2150E333-8FDC-42A3-9474-1A3956D46DE8}") = "Domain", "Domain", "{BBBF75B2-7A00-4ED5-B8B1-3CB4238D555C}"
EndProject
Project("{2150E333-8FDC-42A3-9474-1A3956D46DE8}") = "Infra", "Infra", "{A7AE3D06-2F1D-4CA3-A407-F7C739A6611F}"
EndProject
Project("{9A19103F-16F7-4668-BE54-9A1E7A4F7556}") = "OK.Tech.Api", "src\OK.Tech.Api\OK.Tech.Api.csproj", "{5DABF0F3-994A-4CA9-81C0-146A54CA3944}"
EndProject
Project("{9A19103F-16F7-4668-BE54-9A1E7A4F7556}") = "OK.Tech.Domain", "src\OK.Tech.Domain\OK.Tech.Domain.csproj", "{DD35BDEF-3DF3-4045-AEBC-94FC1B6F0966}"
EndProject
Project("{9A19103F-16F7-4668-BE54-9A1E7A4F7556}") = "OK.Tech.Infra.Data", "src\OK.Tech.Infra.Data\OK.Tech.Infra.Data.csproj", "{7543986D-2BFC-4791-A582-C40A60C4E4F0}"
EndProject
Project("{FAE04EC0-301F-11D3-BF4B-00C04F79EFBC}") = "OK.Tech.App", "src\OK.Tech.App\OK.Tech.App.csproj", "{2838E7DB-3EB8-473C-BB2C-CF0EF7A6D01F}"
EndProject
Global
	GlobalSection(SolutionConfigurationPlatforms) = preSolution
		Debug|Any CPU = Debug|Any CPU
		Release|Any CPU = Release|Any CPU
	EndGlobalSection
	GlobalSection(ProjectConfigurationPlatforms) = postSolution
		{5DABF0F3-994A-4CA9-81C0-146A54CA3944}.Debug|Any CPU.ActiveCfg = Debug|Any CPU
		{5DABF0F3-994A-4CA9-81C0-146A54CA3944}.Debug|Any CPU.Build.0 = Debug|Any CPU
		{5DABF0F3-994A-4CA9-81C0-146A54CA3944}.Release|Any CPU.ActiveCfg = Release|Any CPU
		{5DABF0F3-994A-4CA9-81C0-146A54CA3944}.Release|Any CPU.Build.0 = Release|Any CPU
		{DD35BDEF-3DF3-4045-AEBC-94FC1B6F0966}.Debug|Any CPU.ActiveCfg = Debug|Any CPU
		{DD35BDEF-3DF3-4045-AEBC-94FC1B6F0966}.Debug|Any CPU.Build.0 = Debug|Any CPU
		{DD35BDEF-3DF3-4045-AEBC-94FC1B6F0966}.Release|Any CPU.ActiveCfg = Release|Any CPU
		{DD35BDEF-3DF3-4045-AEBC-94FC1B6F0966}.Release|Any CPU.Build.0 = Release|Any CPU
		{7543986D-2BFC-4791-A582-C40A60C4E4F0}.Debug|Any CPU.ActiveCfg = Debug|Any CPU
		{7543986D-2BFC-4791-A582-C40A60C4E4F0}.Debug|Any CPU.Build.0 = Debug|Any CPU
		{7543986D-2BFC-4791-A582-C40A60C4E4F0}.Release|Any CPU.ActiveCfg = Release|Any CPU
		{7543986D-2BFC-4791-A582-C40A60C4E4F0}.Release|Any CPU.Build.0 = Release|Any CPU
		{2838E7DB-3EB8-473C-BB2C-CF0EF7A6D01F}.Debug|Any CPU.ActiveCfg = Debug|Any CPU
		{2838E7DB-3EB8-473C-BB2C-CF0EF7A6D01F}.Debug|Any CPU.Build.0 = Debug|Any CPU
		{2838E7DB-3EB8-473C-BB2C-CF0EF7A6D01F}.Release|Any CPU.ActiveCfg = Release|Any CPU
		{2838E7DB-3EB8-473C-BB2C-CF0EF7A6D01F}.Release|Any CPU.Build.0 = Release|Any CPU
	EndGlobalSection
	GlobalSection(SolutionProperties) = preSolution
		HideSolutionNode = FALSE
	EndGlobalSection
	GlobalSection(NestedProjects) = preSolution
		{5DABF0F3-994A-4CA9-81C0-146A54CA3944} = {BC4A382A-99AB-455A-9609-80C32CC75802}
		{DD35BDEF-3DF3-4045-AEBC-94FC1B6F0966} = {BBBF75B2-7A00-4ED5-B8B1-3CB4238D555C}
		{7543986D-2BFC-4791-A582-C40A60C4E4F0} = {A7AE3D06-2F1D-4CA3-A407-F7C739A6611F}
		{2838E7DB-3EB8-473C-BB2C-CF0EF7A6D01F} = {A84AC59A-349B-47B5-A473-592D321D11A3}
	EndGlobalSection
	GlobalSection(ExtensibilityGlobals) = postSolution
		SolutionGuid = {2CB9266A-CF1F-410B-B6B8-2E69758A53AE}
	EndGlobalSection
EndGlobal
